
Microsoft Visual Studio Solution File, Format Version 12.00
# Visual Studio 15
VisualStudioVersion = 15.0.28307.136
MinimumVisualStudioVersion = 10.0.40219.1
Project("{FAE04EC0-301F-11D3-BF4B-00C04F79EFBC}") = "StateTrackerProject", "StateTrackerProject\StateTrackerProject.csproj", "{1EC90DC7-75D2-4086-B5F8-83CC2D09E595}"
EndProject
Project("{FAE04EC0-301F-11D3-BF4B-00C04F79EFBC}") = "StateTrackerTests", "StateTrackerTests\StateTrackerTests.csproj", "{FF5AAFE0-3B8D-458F-8650-5B01271B247D}"
EndProject
Global
	GlobalSection(SolutionConfigurationPlatforms) = preSolution
		Debug|Any CPU = Debug|Any CPU
		Release|Any CPU = Release|Any CPU
	EndGlobalSection
	GlobalSection(ProjectConfigurationPlatforms) = postSolution
		{1EC90DC7-75D2-4086-B5F8-83CC2D09E595}.Debug|Any CPU.ActiveCfg = Debug|Any CPU
		{1EC90DC7-75D2-4086-B5F8-83CC2D09E595}.Debug|Any CPU.Build.0 = Debug|Any CPU
		{1EC90DC7-75D2-4086-B5F8-83CC2D09E595}.Release|Any CPU.ActiveCfg = Release|Any CPU
		{1EC90DC7-75D2-4086-B5F8-83CC2D09E595}.Release|Any CPU.Build.0 = Release|Any CPU
		{FF5AAFE0-3B8D-458F-8650-5B01271B247D}.Debug|Any CPU.ActiveCfg = Debug|Any CPU
		{FF5AAFE0-3B8D-458F-8650-5B01271B247D}.Debug|Any CPU.Build.0 = Debug|Any CPU
		{FF5AAFE0-3B8D-458F-8650-5B01271B247D}.Release|Any CPU.ActiveCfg = Release|Any CPU
		{FF5AAFE0-3B8D-458F-8650-5B01271B247D}.Release|Any CPU.Build.0 = Release|Any CPU
	EndGlobalSection
	GlobalSection(SolutionProperties) = preSolution
		HideSolutionNode = FALSE
	EndGlobalSection
	GlobalSection(ExtensibilityGlobals) = postSolution
		SolutionGuid = {CC5AB7D9-23E1-4821-A839-9FEB4F56FE3A}
	EndGlobalSection
EndGlobal
